// !$*UTF8*$!
{
	archiveVersion = 1;
	classes = {
	};
	objectVersion = 50;
	objects = {

/* Begin PBXBuildFile section */
		FD1BF9182499C880006C66FE /* ScrollableTextField-OC.m in Sources */ = {isa = PBXBuildFile; fileRef = FD1BF9172499C880006C66FE /* ScrollableTextField-OC.m */; };
		FDD7502E235D608B004DD2E3 /* AppDelegate.swift in Sources */ = {isa = PBXBuildFile; fileRef = FDD7502D235D608B004DD2E3 /* AppDelegate.swift */; };
		FDD75032235D608B004DD2E3 /* ViewController.swift in Sources */ = {isa = PBXBuildFile; fileRef = FDD75031235D608B004DD2E3 /* ViewController.swift */; };
		FDD75035235D608B004DD2E3 /* Main.storyboard in Resources */ = {isa = PBXBuildFile; fileRef = FDD75033235D608B004DD2E3 /* Main.storyboard */; };
		FDD75037235D608C004DD2E3 /* Assets.xcassets in Resources */ = {isa = PBXBuildFile; fileRef = FDD75036235D608C004DD2E3 /* Assets.xcassets */; };
		FDD7503A235D608C004DD2E3 /* LaunchScreen.storyboard in Resources */ = {isa = PBXBuildFile; fileRef = FDD75038235D608C004DD2E3 /* LaunchScreen.storyboard */; };
		FDD75042235D60E3004DD2E3 /* ScrollableTextField.swift in Sources */ = {isa = PBXBuildFile; fileRef = FDD75041235D60E3004DD2E3 /* ScrollableTextField.swift */; };
/* End PBXBuildFile section */

/* Begin PBXFileReference section */
		FD1BF9162499C880006C66FE /* ScrollableTextField-OC.h */ = {isa = PBXFileReference; lastKnownFileType = sourcecode.c.h; path = "ScrollableTextField-OC.h"; sourceTree = "<group>"; };
		FD1BF9172499C880006C66FE /* ScrollableTextField-OC.m */ = {isa = PBXFileReference; lastKnownFileType = sourcecode.c.objc; path = "ScrollableTextField-OC.m"; sourceTree = "<group>"; };
		FDD7502A235D608B004DD2E3 /* ScrollableTextField.app */ = {isa = PBXFileReference; explicitFileType = wrapper.application; includeInIndex = 0; path = ScrollableTextField.app; sourceTree = BUILT_PRODUCTS_DIR; };
		FDD7502D235D608B004DD2E3 /* AppDelegate.swift */ = {isa = PBXFileReference; lastKnownFileType = sourcecode.swift; path = AppDelegate.swift; sourceTree = "<group>"; };
		FDD75031235D608B004DD2E3 /* ViewController.swift */ = {isa = PBXFileReference; lastKnownFileType = sourcecode.swift; path = ViewController.swift; sourceTree = "<group>"; };
		FDD75034235D608B004DD2E3 /* Base */ = {isa = PBXFileReference; lastKnownFileType = file.storyboard; name = Base; path = Base.lproj/Main.storyboard; sourceTree = "<group>"; };
		FDD75036235D608C004DD2E3 /* Assets.xcassets */ = {isa = PBXFileReference; lastKnownFileType = folder.assetcatalog; path = Assets.xcassets; sourceTree = "<group>"; };
		FDD75039235D608C004DD2E3 /* Base */ = {isa = PBXFileReference; lastKnownFileType = file.storyboard; name = Base; path = Base.lproj/LaunchScreen.storyboard; sourceTree = "<group>"; };
		FDD7503B235D608C004DD2E3 /* Info.plist */ = {isa = PBXFileReference; lastKnownFileType = text.plist.xml; path = Info.plist; sourceTree = "<group>"; };
		FDD75041235D60E3004DD2E3 /* ScrollableTextField.swift */ = {isa = PBXFileReference; lastKnownFileType = sourcecode.swift; path = ScrollableTextField.swift; sourceTree = "<group>"; };
		FDD7504C235D61C0004DD2E3 /* ScrollableTextField-Bridging-Header.h */ = {isa = PBXFileReference; lastKnownFileType = sourcecode.c.h; path = "ScrollableTextField-Bridging-Header.h"; sourceTree = "<group>"; };
/* End PBXFileReference section */

/* Begin PBXFrameworksBuildPhase section */
		FDD75027235D608B004DD2E3 /* Frameworks */ = {
			isa = PBXFrameworksBuildPhase;
			buildActionMask = 2147483647;
			files = (
			);
			runOnlyForDeploymentPostprocessing = 0;
		};
/* End PBXFrameworksBuildPhase section */

/* Begin PBXGroup section */
		FDD75021235D608B004DD2E3 = {
			isa = PBXGroup;
			children = (
				FDD7502C235D608B004DD2E3 /* ScrollableTextField */,
				FDD7502B235D608B004DD2E3 /* Products */,
			);
			sourceTree = "<group>";
		};
		FDD7502B235D608B004DD2E3 /* Products */ = {
			isa = PBXGroup;
			children = (
				FDD7502A235D608B004DD2E3 /* ScrollableTextField.app */,
			);
			name = Products;
			sourceTree = "<group>";
		};
		FDD7502C235D608B004DD2E3 /* ScrollableTextField */ = {
			isa = PBXGroup;
			children = (
				FDD75043235D6159004DD2E3 /* View */,
				FDD7502D235D608B004DD2E3 /* AppDelegate.swift */,
				FDD75031235D608B004DD2E3 /* ViewController.swift */,
				FDD75033235D608B004DD2E3 /* Main.storyboard */,
				FDD75036235D608C004DD2E3 /* Assets.xcassets */,
				FDD75038235D608C004DD2E3 /* LaunchScreen.storyboard */,
				FDD7503B235D608C004DD2E3 /* Info.plist */,
				FDD7504C235D61C0004DD2E3 /* ScrollableTextField-Bridging-Header.h */,
			);
			path = ScrollableTextField;
			sourceTree = "<group>";
		};
		FDD75043235D6159004DD2E3 /* View */ = {
			isa = PBXGroup;
			children = (
				FDD75041235D60E3004DD2E3 /* ScrollableTextField.swift */,
				FD1BF9162499C880006C66FE /* ScrollableTextField-OC.h */,
				FD1BF9172499C880006C66FE /* ScrollableTextField-OC.m */,
			);
			path = View;
			sourceTree = "<group>";
		};
/* End PBXGroup section */

/* Begin PBXNativeTarget section */
		FDD75029235D608B004DD2E3 /* ScrollableTextField */ = {
			isa = PBXNativeTarget;
			buildConfigurationList = FDD7503E235D608C004DD2E3 /* Build configuration list for PBXNativeTarget "ScrollableTextField" */;
			buildPhases = (
				FDD75026235D608B004DD2E3 /* Sources */,
				FDD75027235D608B004DD2E3 /* Frameworks */,
				FDD75028235D608B004DD2E3 /* Resources */,
			);
			buildRules = (
			);
			dependencies = (
			);
			name = ScrollableTextField;
			productName = ScrollableTextField;
			productReference = FDD7502A235D608B004DD2E3 /* ScrollableTextField.app */;
			productType = "com.apple.product-type.application";
		};
/* End PBXNativeTarget section */

/* Begin PBXProject section */
		FDD75022235D608B004DD2E3 /* Project object */ = {
			isa = PBXProject;
			attributes = {
				LastSwiftUpdateCheck = 1100;
				LastUpgradeCheck = 1100;
				ORGANIZATIONNAME = "Sun,Shuyao";
				TargetAttributes = {
					FDD75029235D608B004DD2E3 = {
						CreatedOnToolsVersion = 11.0;
						LastSwiftMigration = 1100;
					};
				};
			};
			buildConfigurationList = FDD75025235D608B004DD2E3 /* Build configuration list for PBXProject "ScrollableTextField" */;
			compatibilityVersion = "Xcode 9.3";
			developmentRegion = en;
			hasScannedForEncodings = 0;
			knownRegions = (
				en,
				Base,
			);
			mainGroup = FDD75021235D608B004DD2E3;
			productRefGroup = FDD7502B235D608B004DD2E3 /* Products */;
			projectDirPath = "";
			projectRoot = "";
			targets = (
				FDD75029235D608B004DD2E3 /* ScrollableTextField */,
			);
		};
/* End PBXProject section */

/* Begin PBXResourcesBuildPhase section */
		FDD75028235D608B004DD2E3 /* Resources */ = {
			isa = PBXResourcesBuildPhase;
			buildActionMask = 2147483647;
			files = (
				FDD7503A235D608C004DD2E3 /* LaunchScreen.storyboard in Resources */,
				FDD75037235D608C004DD2E3 /* Assets.xcassets in Resources */,
				FDD75035235D608B004DD2E3 /* Main.storyboard in Resources */,
			);
			runOnlyForDeploymentPostprocessing = 0;
		};
/* End PBXResourcesBuildPhase section */

/* Begin PBXSourcesBuildPhase section */
		FDD75026235D608B004DD2E3 /* Sources */ = {
			isa = PBXSourcesBuildPhase;
			buildActionMask = 2147483647;
			files = (
				FDD75042235D60E3004DD2E3 /* ScrollableTextField.swift in Sources */,
				FDD75032235D608B004DD2E3 /* ViewController.swift in Sources */,
				FD1BF9182499C880006C66FE /* ScrollableTextField-OC.m in Sources */,
				FDD7502E235D608B004DD2E3 /* AppDelegate.swift in Sources */,
			);
			runOnlyForDeploymentPostprocessing = 0;
		};
/* End PBXSourcesBuildPhase section */

/* Begin PBXVariantGroup section */
		FDD75033235D608B004DD2E3 /* Main.storyboard */ = {
			isa = PBXVariantGroup;
			children = (
				FDD75034235D608B004DD2E3 /* Base */,
			);
			name = Main.storyboard;
			sourceTree = "<group>";
		};
		FDD75038235D608C004DD2E3 /* LaunchScreen.storyboard */ = {
			isa = PBXVariantGroup;
			children = (
				FDD75039235D608C004DD2E3 /* Base */,
			);
			name = LaunchScreen.storyboard;
			sourceTree = "<group>";
		};
/* End PBXVariantGroup section */

/* Begin XCBuildConfiguration section */
		FDD7503C235D608C004DD2E3 /* Debug */ = {
			isa = XCBuildConfiguration;
			buildSettings = {
				ALWAYS_SEARCH_USER_PATHS = NO;
				CLANG_ANALYZER_NONNULL = YES;
				CLANG_ANALYZER_NUMBER_OBJECT_CONVERSION = YES_AGGRESSIVE;
				CLANG_CXX_LANGUAGE_STANDARD = "gnu++14";
				CLANG_CXX_LIBRARY = "libc++";
				CLANG_ENABLE_MODULES = YES;
				CLANG_ENABLE_OBJC_ARC = YES;
				CLANG_ENABLE_OBJC_WEAK = YES;
				CLANG_WARN_BLOCK_CAPTURE_AUTORELEASING = YES;
				CLANG_WARN_BOOL_CONVERSION = YES;
				CLANG_WARN_COMMA = YES;
				CLANG_WARN_CONSTANT_CONVERSION = YES;
				CLANG_WARN_DEPRECATED_OBJC_IMPLEMENTATIONS = YES;
				CLANG_WARN_DIRECT_OBJC_ISA_USAGE = YES_ERROR;
				CLANG_WARN_DOCUMENTATION_COMMENTS = YES;
				CLANG_WARN_EMPTY_BODY = YES;
				CLANG_WARN_ENUM_CONVERSION = YES;
				CLANG_WARN_INFINITE_RECURSION = YES;
				CLANG_WARN_INT_CONVERSION = YES;
				CLANG_WARN_NON_LITERAL_NULL_CONVERSION = YES;
				CLANG_WARN_OBJC_IMPLICIT_RETAIN_SELF = YES;
				CLANG_WARN_OBJC_LITERAL_CONVERSION = YES;
				CLANG_WARN_OBJC_ROOT_CLASS = YES_ERROR;
				CLANG_WARN_RANGE_LOOP_ANALYSIS = YES;
				CLANG_WARN_STRICT_PROTOTYPES = YES;
				CLANG_WARN_SUSPICIOUS_MOVE = YES;
				CLANG_WARN_UNGUARDED_AVAILABILITY = YES_AGGRESSIVE;
				CLANG_WARN_UNREACHABLE_CODE = YES;
				CLANG_WARN__DUPLICATE_METHOD_MATCH = YES;
				COPY_PHASE_STRIP = NO;
				DEBUG_INFORMATION_FORMAT = dwarf;
				ENABLE_STRICT_OBJC_MSGSEND = YES;
				ENABLE_TESTABILITY = YES;
				GCC_C_LANGUAGE_STANDARD = gnu11;
				GCC_DYNAMIC_NO_PIC = NO;
				GCC_NO_COMMON_BLOCKS = YES;
				GCC_OPTIMIZATION_LEVEL = 0;
				GCC_PREPROCESSOR_DEFINITIONS = (
					"DEBUG=1",
					"$(inherited)",
				);
				GCC_WARN_64_TO_32_BIT_CONVERSION = YES;
				GCC_WARN_ABOUT_RETURN_TYPE = YES_ERROR;
				GCC_WARN_UNDECLARED_SELECTOR = YES;
				GCC_WARN_UNINITIALIZED_AUTOS = YES_AGGRESSIVE;
				GCC_WARN_UNUSED_FUNCTION = YES;
				GCC_WARN_UNUSED_VARIABLE = YES;
				IPHONEOS_DEPLOYMENT_TARGET = 8.0;
				MTL_ENABLE_DEBUG_INFO = INCLUDE_SOURCE;
				MTL_FAST_MATH = YES;
				ONLY_ACTIVE_ARCH = YES;
				SDKROOT = iphoneos;
				SWIFT_ACTIVE_COMPILATION_CONDITIONS = DEBUG;
				SWIFT_OPTIMIZATION_LEVEL = "-Onone";
			};
			name = Debug;
		};
		FDD7503D235D608C004DD2E3 /* Release */ = {
			isa = XCBuildConfiguration;
			buildSettings = {
				ALWAYS_SEARCH_USER_PATHS = NO;
				CLANG_ANALYZER_NONNULL = YES;
				CLANG_ANALYZER_NUMBER_OBJECT_CONVERSION = YES_AGGRESSIVE;
				CLANG_CXX_LANGUAGE_STANDARD = "gnu++14";
				CLANG_CXX_LIBRARY = "libc++";
				CLANG_ENABLE_MODULES = YES;
				CLANG_ENABLE_OBJC_ARC = YES;
				CLANG_ENABLE_OBJC_WEAK = YES;
				CLANG_WARN_BLOCK_CAPTURE_AUTORELEASING = YES;
				CLANG_WARN_BOOL_CONVERSION = YES;
				CLANG_WARN_COMMA = YES;
				CLANG_WARN_CONSTANT_CONVERSION = YES;
				CLANG_WARN_DEPRECATED_OBJC_IMPLEMENTATIONS = YES;
				CLANG_WARN_DIRECT_OBJC_ISA_USAGE = YES_ERROR;
				CLANG_WARN_DOCUMENTATION_COMMENTS = YES;
				CLANG_WARN_EMPTY_BODY = YES;
				CLANG_WARN_ENUM_CONVERSION = YES;
				CLANG_WARN_INFINITE_RECURSION = YES;
				CLANG_WARN_INT_CONVERSION = YES;
				CLANG_WARN_NON_LITERAL_NULL_CONVERSION = YES;
				CLANG_WARN_OBJC_IMPLICIT_RETAIN_SELF = YES;
				CLANG_WARN_OBJC_LITERAL_CONVERSION = YES;
				CLANG_WARN_OBJC_ROOT_CLASS = YES_ERROR;
				CLANG_WARN_RANGE_LOOP_ANALYSIS = YES;
				CLANG_WARN_STRICT_PROTOTYPES = YES;
				CLANG_WARN_SUSPICIOUS_MOVE = YES;
				CLANG_WARN_UNGUARDED_AVAILABILITY = YES_AGGRESSIVE;
				CLANG_WARN_UNREACHABLE_CODE = YES;
				CLANG_WARN__DUPLICATE_METHOD_MATCH = YES;
				COPY_PHASE_STRIP = NO;
				DEBUG_INFORMATION_FORMAT = "dwarf-with-dsym";
				ENABLE_NS_ASSERTIONS = NO;
				ENABLE_STRICT_OBJC_MSGSEND = YES;
				GCC_C_LANGUAGE_STANDARD = gnu11;
				GCC_NO_COMMON_BLOCKS = YES;
				GCC_WARN_64_TO_32_BIT_CONVERSION = YES;
				GCC_WARN_ABOUT_RETURN_TYPE = YES_ERROR;
				GCC_WARN_UNDECLARED_SELECTOR = YES;
				GCC_WARN_UNINITIALIZED_AUTOS = YES_AGGRESSIVE;
				GCC_WARN_UNUSED_FUNCTION = YES;
				GCC_WARN_UNUSED_VARIABLE = YES;
				IPHONEOS_DEPLOYMENT_TARGET = 8.0;
				MTL_ENABLE_DEBUG_INFO = NO;
				MTL_FAST_MATH = YES;
				SDKROOT = iphoneos;
				SWIFT_COMPILATION_MODE = wholemodule;
				SWIFT_OPTIMIZATION_LEVEL = "-O";
				VALIDATE_PRODUCT = YES;
			};
			name = Release;
		};
		FDD7503F235D608C004DD2E3 /* Debug */ = {
			isa = XCBuildConfiguration;
			buildSettings = {
				ASSETCATALOG_COMPILER_APPICON_NAME = AppIcon;
				CLANG_ENABLE_MODULES = YES;
				CODE_SIGN_STYLE = Automatic;
				DEVELOPMENT_TEAM = 2MVQVUGM76;
				INFOPLIST_FILE = ScrollableTextField/Info.plist;
				LD_RUNPATH_SEARCH_PATHS = (
					"$(inherited)",
					"@executable_path/Frameworks",
				);
				PRODUCT_BUNDLE_IDENTIFIER = "Sun-Shuyao.ScrollableTextField";
				PRODUCT_NAME = "$(TARGET_NAME)";
				SWIFT_OBJC_BRIDGING_HEADER = "ScrollableTextField/ScrollableTextField-Bridging-Header.h";
				SWIFT_OPTIMIZATION_LEVEL = "-Onone";
				SWIFT_VERSION = 5.0;
				TARGETED_DEVICE_FAMILY = "1,2";
			};
			name = Debug;
		};
		FDD75040235D608C004DD2E3 /* Release */ = {
			isa = XCBuildConfiguration;
			buildSettings = {
				ASSETCATALOG_COMPILER_APPICON_NAME = AppIcon;
				CLANG_ENABLE_MODULES = YES;
				CODE_SIGN_STYLE = Automatic;
				DEVELOPMENT_TEAM = N3GB72V5TU;
				INFOPLIST_FILE = ScrollableTextField/Info.plist;
				LD_RUNPATH_SEARCH_PATHS = (
					"$(inherited)",
					"@executable_path/Frameworks",
				);
				PRODUCT_BUNDLE_IDENTIFIER = "Sun-Shuyao.ScrollableTextField";
				PRODUCT_NAME = "$(TARGET_NAME)";
				SWIFT_OBJC_BRIDGING_HEADER = "ScrollableTextField/ScrollableTextField-Bridging-Header.h";
				SWIFT_VERSION = 5.0;
				TARGETED_DEVICE_FAMILY = "1,2";
			};
			name = Release;
		};
/* End XCBuildConfiguration section */

/* Begin XCConfigurationList section */
		FDD75025235D608B004DD2E3 /* Build configuration list for PBXProject "ScrollableTextField" */ = {
			isa = XCConfigurationList;
			buildConfigurations = (
				FDD7503C235D608C004DD2E3 /* Debug */,
				FDD7503D235D608C004DD2E3 /* Release */,
			);
			defaultConfigurationIsVisible = 0;
			defaultConfigurationName = Release;
		};
		FDD7503E235D608C004DD2E3 /* Build configuration list for PBXNativeTarget "ScrollableTextField" */ = {
			isa = XCConfigurationList;
			buildConfigurations = (
				FDD7503F235D608C004DD2E3 /* Debug */,
				FDD75040235D608C004DD2E3 /* Release */,
			);
			defaultConfigurationIsVisible = 0;
			defaultConfigurationName = Release;
		};
/* End XCConfigurationList section */
	};
	rootObject = FDD75022235D608B004DD2E3 /* Project object */;
}
